// !$*UTF8*$!
{
	archiveVersion = 1;
	classes = {
	};
	objectVersion = 77;
	objects = {

/* Begin PBXBuildFile section */
		3D9261D82F07278D00F963AD /* Auth in Frameworks */ = {isa = PBXBuildFile; productRef = 3D9261D72F07278D00F963AD /* Auth */; };
		3D9261DA2F07278D00F963AD /* PostgREST in Frameworks */ = {isa = PBXBuildFile; productRef = 3D9261D92F07278D00F963AD /* PostgREST */; };
		3D9261DC2F07278D00F963AD /* Storage in Frameworks */ = {isa = PBXBuildFile; productRef = 3D9261DB2F07278D00F963AD /* Storage */; };
		3D9261DE2F07278D00F963AD /* Supabase in Frameworks */ = {isa = PBXBuildFile; productRef = 3D9261DD2F07278D00F963AD /* Supabase */; };
		3D9D0C5E2F36783500AAFD25 /* RevenueCat in Frameworks */ = {isa = PBXBuildFile; productRef = 3D9D0C5D2F36783500AAFD25 /* RevenueCat */; };
		3D9D0C602F36783500AAFD25 /* RevenueCatUI in Frameworks */ = {isa = PBXBuildFile; productRef = 3D9D0C5F2F36783500AAFD25 /* RevenueCatUI */; };
		3D9D0C722F37A29100AAFD25 /* GoogleService-Info.plist in Resources */ = {isa = PBXBuildFile; fileRef = 3D9D0C712F37A29100AAFD25 /* GoogleService-Info.plist */; };
		3D9D0C752F37A3CB00AAFD25 /* FirebaseMessaging in Frameworks */ = {isa = PBXBuildFile; productRef = 3D9D0C742F37A3CB00AAFD25 /* FirebaseMessaging */; };
		3DA38FE82F1564340063D6CC /* Mantis in Frameworks */ = {isa = PBXBuildFile; productRef = 3DA38FE72F1564340063D6CC /* Mantis */; };
/* End PBXBuildFile section */

/* Begin PBXFileReference section */
		3D92612C2F01F54200F963AD /* Scanner.app */ = {isa = PBXFileReference; explicitFileType = wrapper.application; includeInIndex = 0; path = Scanner.app; sourceTree = BUILT_PRODUCTS_DIR; };
		3D9261402F01F54200F963AD /* Documentation */ = {isa = PBXFileReference; lastKnownFileType = folder; path = Documentation; sourceTree = "<group>"; };
		3D9D0C712F37A29100AAFD25 /* GoogleService-Info.plist */ = {isa = PBXFileReference; lastKnownFileType = text.plist.xml; path = "GoogleService-Info.plist"; sourceTree = "<group>"; };
/* End PBXFileReference section */

/* Begin PBXFileSystemSynchronizedBuildFileExceptionSet section */
		3D9D0C702F37A1C800AAFD25 /* Exceptions for "Scanner" folder in "Scanner" target */ = {
			isa = PBXFileSystemSynchronizedBuildFileExceptionSet;
			membershipExceptions = (
				Info.plist,
			);
			target = 3D92612B2F01F54200F963AD /* Scanner */;
		};
/* End PBXFileSystemSynchronizedBuildFileExceptionSet section */

/* Begin PBXFileSystemSynchronizedRootGroup section */
		3D92612E2F01F54200F963AD /* Scanner */ = {
			isa = PBXFileSystemSynchronizedRootGroup;
			exceptions = (
				3D9D0C702F37A1C800AAFD25 /* Exceptions for "Scanner" folder in "Scanner" target */,
			);
			path = Scanner;
			sourceTree = "<group>";
		};
/* End PBXFileSystemSynchronizedRootGroup section */

/* Begin PBXFrameworksBuildPhase section */
		3D9261292F01F54200F963AD /* Frameworks */ = {
			isa = PBXFrameworksBuildPhase;
			buildActionMask = 2147483647;
			files = (
				3D9D0C752F37A3CB00AAFD25 /* FirebaseMessaging in Frameworks */,
				3DA38FE82F1564340063D6CC /* Mantis in Frameworks */,
				3D9261DE2F07278D00F963AD /* Supabase in Frameworks */,
				3D9D0C602F36783500AAFD25 /* RevenueCatUI in Frameworks */,
				3D9D0C5E2F36783500AAFD25 /* RevenueCat in Frameworks */,
				3D9261DC2F07278D00F963AD /* Storage in Frameworks */,
				3D9261DA2F07278D00F963AD /* PostgREST in Frameworks */,
				3D9261D82F07278D00F963AD /* Auth in Frameworks */,
			);
			runOnlyForDeploymentPostprocessing = 0;
		};
/* End PBXFrameworksBuildPhase section */

/* Begin PBXGroup section */
		3D9261232F01F54200F963AD = {
			isa = PBXGroup;
			children = (
				3D9D0C712F37A29100AAFD25 /* GoogleService-Info.plist */,
				3D92612E2F01F54200F963AD /* Scanner */,
				3D9261402F01F54200F963AD /* Documentation */,
				3D92612D2F01F54200F963AD /* Products */,
			);
			sourceTree = "<group>";
		};
		3D92612D2F01F54200F963AD /* Products */ = {
			isa = PBXGroup;
			children = (
				3D92612C2F01F54200F963AD /* Scanner.app */,
			);
			name = Products;
			sourceTree = "<group>";
		};
/* End PBXGroup section */

/* Begin PBXNativeTarget section */
		3D92612B2F01F54200F963AD /* Scanner */ = {
			isa = PBXNativeTarget;
			buildConfigurationList = 3D9261372F01F54300F963AD /* Build configuration list for PBXNativeTarget "Scanner" */;
			buildPhases = (
				3D9261282F01F54200F963AD /* Sources */,
				3D9261292F01F54200F963AD /* Frameworks */,
				3D92612A2F01F54200F963AD /* Resources */,
			);
			buildRules = (
			);
			dependencies = (
			);
			fileSystemSynchronizedGroups = (
				3D92612E2F01F54200F963AD /* Scanner */,
			);
			name = Scanner;
			packageProductDependencies = (
				3D9261D72F07278D00F963AD /* Auth */,
				3D9261D92F07278D00F963AD /* PostgREST */,
				3D9261DB2F07278D00F963AD /* Storage */,
				3D9261DD2F07278D00F963AD /* Supabase */,
				3DA38FE72F1564340063D6CC /* Mantis */,
				3D9D0C5D2F36783500AAFD25 /* RevenueCat */,
				3D9D0C5F2F36783500AAFD25 /* RevenueCatUI */,
				3D9D0C742F37A3CB00AAFD25 /* FirebaseMessaging */,
			);
			productName = Scanner;
			productReference = 3D92612C2F01F54200F963AD /* Scanner.app */;
			productType = "com.apple.product-type.application";
		};
/* End PBXNativeTarget section */

/* Begin PBXProject section */
		3D9261242F01F54200F963AD /* Project object */ = {
			isa = PBXProject;
			attributes = {
				BuildIndependentTargetsInParallel = 1;
				LastSwiftUpdateCheck = 2620;
				LastUpgradeCheck = 2620;
				TargetAttributes = {
					3D92612B2F01F54200F963AD = {
						CreatedOnToolsVersion = 26.2;
					};
				};
			};
			buildConfigurationList = 3D9261272F01F54200F963AD /* Build configuration list for PBXProject "Scanner" */;
			developmentRegion = en;
			hasScannedForEncodings = 0;
			knownRegions = (
				en,
				Base,
			);
			mainGroup = 3D9261232F01F54200F963AD;
			minimizedProjectReferenceProxies = 1;
			packageReferences = (
				3D9261D62F07278D00F963AD /* XCRemoteSwiftPackageReference "supabase-swift" */,
				3DA38FE62F1564340063D6CC /* XCRemoteSwiftPackageReference "Mantis" */,
				3D9D0C5C2F36783500AAFD25 /* XCRemoteSwiftPackageReference "purchases-ios-spm" */,
				3D9D0C732F37A3CB00AAFD25 /* XCRemoteSwiftPackageReference "firebase-ios-sdk" */,
			);
			preferredProjectObjectVersion = 77;
			productRefGroup = 3D92612D2F01F54200F963AD /* Products */;
			projectDirPath = "";
			projectRoot = "";
			targets = (
				3D92612B2F01F54200F963AD /* Scanner */,
			);
		};
/* End PBXProject section */

/* Begin PBXResourcesBuildPhase section */
		3D92612A2F01F54200F963AD /* Resources */ = {
			isa = PBXResourcesBuildPhase;
			buildActionMask = 2147483647;
			files = (
				3D9D0C722F37A29100AAFD25 /* GoogleService-Info.plist in Resources */,
			);
			runOnlyForDeploymentPostprocessing = 0;
		};
/* End PBXResourcesBuildPhase section */

/* Begin PBXSourcesBuildPhase section */
		3D9261282F01F54200F963AD /* Sources */ = {
			isa = PBXSourcesBuildPhase;
			buildActionMask = 2147483647;
			files = (
			);
			runOnlyForDeploymentPostprocessing = 0;
		};
/* End PBXSourcesBuildPhase section */

/* Begin XCBuildConfiguration section */
		3D9261352F01F54300F963AD /* Debug */ = {
			isa = XCBuildConfiguration;
			buildSettings = {
				ALWAYS_SEARCH_USER_PATHS = NO;
				ASSETCATALOG_COMPILER_GENERATE_SWIFT_ASSET_SYMBOL_EXTENSIONS = YES;
				CLANG_ANALYZER_NONNULL = YES;
				CLANG_ANALYZER_NUMBER_OBJECT_CONVERSION = YES_AGGRESSIVE;
				CLANG_CXX_LANGUAGE_STANDARD = "gnu++20";
				CLANG_ENABLE_MODULES = YES;
				CLANG_ENABLE_OBJC_ARC = YES;
				CLANG_ENABLE_OBJC_WEAK = YES;
				CLANG_WARN_BLOCK_CAPTURE_AUTORELEASING = YES;
				CLANG_WARN_BOOL_CONVERSION = YES;
				CLANG_WARN_COMMA = YES;
				CLANG_WARN_CONSTANT_CONVERSION = YES;
				CLANG_WARN_DEPRECATED_OBJC_IMPLEMENTATIONS = YES;
				CLANG_WARN_DIRECT_OBJC_ISA_USAGE = YES_ERROR;
				CLANG_WARN_DOCUMENTATION_COMMENTS = YES;
				CLANG_WARN_EMPTY_BODY = YES;
				CLANG_WARN_ENUM_CONVERSION = YES;
				CLANG_WARN_INFINITE_RECURSION = YES;
				CLANG_WARN_INT_CONVERSION = YES;
				CLANG_WARN_NON_LITERAL_NULL_CONVERSION = YES;
				CLANG_WARN_OBJC_IMPLICIT_RETAIN_SELF = YES;
				CLANG_WARN_OBJC_LITERAL_CONVERSION = YES;
				CLANG_WARN_OBJC_ROOT_CLASS = YES_ERROR;
				CLANG_WARN_QUOTED_INCLUDE_IN_FRAMEWORK_HEADER = YES;
				CLANG_WARN_RANGE_LOOP_ANALYSIS = YES;
				CLANG_WARN_STRICT_PROTOTYPES = YES;
				CLANG_WARN_SUSPICIOUS_MOVE = YES;
				CLANG_WARN_UNGUARDED_AVAILABILITY = YES_AGGRESSIVE;
				CLANG_WARN_UNREACHABLE_CODE = YES;
				CLANG_WARN__DUPLICATE_METHOD_MATCH = YES;
				COPY_PHASE_STRIP = NO;
				DEBUG_INFORMATION_FORMAT = dwarf;
				DEVELOPMENT_TEAM = AZLMR7ABL4;
				ENABLE_STRICT_OBJC_MSGSEND = YES;
				ENABLE_TESTABILITY = YES;
				ENABLE_USER_SCRIPT_SANDBOXING = YES;
				GCC_C_LANGUAGE_STANDARD = gnu17;
				GCC_DYNAMIC_NO_PIC = NO;
				GCC_NO_COMMON_BLOCKS = YES;
				GCC_OPTIMIZATION_LEVEL = 0;
				GCC_PREPROCESSOR_DEFINITIONS = (
					"DEBUG=1",
					"$(inherited)",
				);
				GCC_WARN_64_TO_32_BIT_CONVERSION = YES;
				GCC_WARN_ABOUT_RETURN_TYPE = YES_ERROR;
				GCC_WARN_UNDECLARED_SELECTOR = YES;
				GCC_WARN_UNINITIALIZED_AUTOS = YES_AGGRESSIVE;
				GCC_WARN_UNUSED_FUNCTION = YES;
				GCC_WARN_UNUSED_VARIABLE = YES;
				IPHONEOS_DEPLOYMENT_TARGET = 26.2;
				LOCALIZATION_PREFERS_STRING_CATALOGS = YES;
				MTL_ENABLE_DEBUG_INFO = INCLUDE_SOURCE;
				MTL_FAST_MATH = YES;
				ONLY_ACTIVE_ARCH = YES;
				SDKROOT = iphoneos;
				SWIFT_ACTIVE_COMPILATION_CONDITIONS = "DEBUG $(inherited)";
				SWIFT_OPTIMIZATION_LEVEL = "-Onone";
			};
			name = Debug;
		};
		3D9261362F01F54300F963AD /* Release */ = {
			isa = XCBuildConfiguration;
			buildSettings = {
				ALWAYS_SEARCH_USER_PATHS = NO;
				ASSETCATALOG_COMPILER_GENERATE_SWIFT_ASSET_SYMBOL_EXTENSIONS = YES;
				CLANG_ANALYZER_NONNULL = YES;
				CLANG_ANALYZER_NUMBER_OBJECT_CONVERSION = YES_AGGRESSIVE;
				CLANG_CXX_LANGUAGE_STANDARD = "gnu++20";
				CLANG_ENABLE_MODULES = YES;
				CLANG_ENABLE_OBJC_ARC = YES;
				CLANG_ENABLE_OBJC_WEAK = YES;
				CLANG_WARN_BLOCK_CAPTURE_AUTORELEASING = YES;
				CLANG_WARN_BOOL_CONVERSION = YES;
				CLANG_WARN_COMMA = YES;
				CLANG_WARN_CONSTANT_CONVERSION = YES;
				CLANG_WARN_DEPRECATED_OBJC_IMPLEMENTATIONS = YES;
				CLANG_WARN_DIRECT_OBJC_ISA_USAGE = YES_ERROR;
				CLANG_WARN_DOCUMENTATION_COMMENTS = YES;
				CLANG_WARN_EMPTY_BODY = YES;
				CLANG_WARN_ENUM_CONVERSION = YES;
				CLANG_WARN_INFINITE_RECURSION = YES;
				CLANG_WARN_INT_CONVERSION = YES;
				CLANG_WARN_NON_LITERAL_NULL_CONVERSION = YES;
				CLANG_WARN_OBJC_IMPLICIT_RETAIN_SELF = YES;
				CLANG_WARN_OBJC_LITERAL_CONVERSION = YES;
				CLANG_WARN_OBJC_ROOT_CLASS = YES_ERROR;
				CLANG_WARN_QUOTED_INCLUDE_IN_FRAMEWORK_HEADER = YES;
				CLANG_WARN_RANGE_LOOP_ANALYSIS = YES;
				CLANG_WARN_STRICT_PROTOTYPES = YES;
				CLANG_WARN_SUSPICIOUS_MOVE = YES;
				CLANG_WARN_UNGUARDED_AVAILABILITY = YES_AGGRESSIVE;
				CLANG_WARN_UNREACHABLE_CODE = YES;
				CLANG_WARN__DUPLICATE_METHOD_MATCH = YES;
				COPY_PHASE_STRIP = NO;
				DEBUG_INFORMATION_FORMAT = "dwarf-with-dsym";
				DEVELOPMENT_TEAM = AZLMR7ABL4;
				ENABLE_NS_ASSERTIONS = NO;
				ENABLE_STRICT_OBJC_MSGSEND = YES;
				ENABLE_USER_SCRIPT_SANDBOXING = YES;
				GCC_C_LANGUAGE_STANDARD = gnu17;
				GCC_NO_COMMON_BLOCKS = YES;
				GCC_WARN_64_TO_32_BIT_CONVERSION = YES;
				GCC_WARN_ABOUT_RETURN_TYPE = YES_ERROR;
				GCC_WARN_UNDECLARED_SELECTOR = YES;
				GCC_WARN_UNINITIALIZED_AUTOS = YES_AGGRESSIVE;
				GCC_WARN_UNUSED_FUNCTION = YES;
				GCC_WARN_UNUSED_VARIABLE = YES;
				IPHONEOS_DEPLOYMENT_TARGET = 26.2;
				LOCALIZATION_PREFERS_STRING_CATALOGS = YES;
				MTL_ENABLE_DEBUG_INFO = NO;
				MTL_FAST_MATH = YES;
				SDKROOT = iphoneos;
				SWIFT_COMPILATION_MODE = wholemodule;
				VALIDATE_PRODUCT = YES;
			};
			name = Release;
		};
		3D9261382F01F54300F963AD /* Debug */ = {
			isa = XCBuildConfiguration;
			buildSettings = {
				ASSETCATALOG_COMPILER_APPICON_NAME = AppIcon;
				ASSETCATALOG_COMPILER_GLOBAL_ACCENT_COLOR_NAME = AccentColor;
				CODE_SIGN_ENTITLEMENTS = Scanner/Scanner.entitlements;
				CODE_SIGN_STYLE = Automatic;
				CURRENT_PROJECT_VERSION = 1;
				DEVELOPMENT_TEAM = P7VQ69R986;
				ENABLE_PREVIEWS = YES;
				GENERATE_INFOPLIST_FILE = YES;
				INFOPLIST_FILE = Scanner/Info.plist;
				INFOPLIST_KEY_NSCameraUsageDescription = "Axio Scan needs access to your Camera to scan documents.";
				INFOPLIST_KEY_UIApplicationSceneManifest_Generation = YES;
				INFOPLIST_KEY_UIApplicationSupportsIndirectInputEvents = YES;
				INFOPLIST_KEY_UILaunchScreen_Generation = YES;
				INFOPLIST_KEY_UISupportedInterfaceOrientations_iPad = "UIInterfaceOrientationPortrait UIInterfaceOrientationPortraitUpsideDown UIInterfaceOrientationLandscapeLeft UIInterfaceOrientationLandscapeRight";
				INFOPLIST_KEY_UISupportedInterfaceOrientations_iPhone = "UIInterfaceOrientationPortrait UIInterfaceOrientationLandscapeLeft UIInterfaceOrientationLandscapeRight";
				LD_RUNPATH_SEARCH_PATHS = (
					"$(inherited)",
					"@executable_path/Frameworks",
				);
				MARKETING_VERSION = 1.0;
				PRODUCT_BUNDLE_IDENTIFIER = com.brevixventures.axioscan;
				PRODUCT_NAME = "$(TARGET_NAME)";
				STRING_CATALOG_GENERATE_SYMBOLS = YES;
				SWIFT_APPROACHABLE_CONCURRENCY = YES;
				SWIFT_DEFAULT_ACTOR_ISOLATION = MainActor;
				SWIFT_EMIT_LOC_STRINGS = YES;
				SWIFT_UPCOMING_FEATURE_MEMBER_IMPORT_VISIBILITY = YES;
				SWIFT_VERSION = 5.0;
				TARGETED_DEVICE_FAMILY = "1,2";
			};
			name = Debug;
		};
		3D9261392F01F54300F963AD /* Release */ = {
			isa = XCBuildConfiguration;
			buildSettings = {
				ASSETCATALOG_COMPILER_APPICON_NAME = AppIcon;
				ASSETCATALOG_COMPILER_GLOBAL_ACCENT_COLOR_NAME = AccentColor;
				CODE_SIGN_ENTITLEMENTS = Scanner/Scanner.entitlements;
				CODE_SIGN_STYLE = Automatic;
				CURRENT_PROJECT_VERSION = 1;
				DEVELOPMENT_TEAM = P7VQ69R986;
				ENABLE_PREVIEWS = YES;
				GENERATE_INFOPLIST_FILE = YES;
				INFOPLIST_FILE = Scanner/Info.plist;
				INFOPLIST_KEY_NSCameraUsageDescription = "Axio Scan needs access to your Camera to scan documents.";
				INFOPLIST_KEY_UIApplicationSceneManifest_Generation = YES;
				INFOPLIST_KEY_UIApplicationSupportsIndirectInputEvents = YES;
				INFOPLIST_KEY_UILaunchScreen_Generation = YES;
				INFOPLIST_KEY_UISupportedInterfaceOrientations_iPad = "UIInterfaceOrientationPortrait UIInterfaceOrientationPortraitUpsideDown UIInterfaceOrientationLandscapeLeft UIInterfaceOrientationLandscapeRight";
				INFOPLIST_KEY_UISupportedInterfaceOrientations_iPhone = "UIInterfaceOrientationPortrait UIInterfaceOrientationLandscapeLeft UIInterfaceOrientationLandscapeRight";
				LD_RUNPATH_SEARCH_PATHS = (
					"$(inherited)",
					"@executable_path/Frameworks",
				);
				MARKETING_VERSION = 1.0;
				PRODUCT_BUNDLE_IDENTIFIER = com.brevixventures.axioscan;
				PRODUCT_NAME = "$(TARGET_NAME)";
				STRING_CATALOG_GENERATE_SYMBOLS = YES;
				SWIFT_APPROACHABLE_CONCURRENCY = YES;
				SWIFT_DEFAULT_ACTOR_ISOLATION = MainActor;
				SWIFT_EMIT_LOC_STRINGS = YES;
				SWIFT_UPCOMING_FEATURE_MEMBER_IMPORT_VISIBILITY = YES;
				SWIFT_VERSION = 5.0;
				TARGETED_DEVICE_FAMILY = "1,2";
			};
			name = Release;
		};
/* End XCBuildConfiguration section */

/* Begin XCConfigurationList section */
		3D9261272F01F54200F963AD /* Build configuration list for PBXProject "Scanner" */ = {
			isa = XCConfigurationList;
			buildConfigurations = (
				3D9261352F01F54300F963AD /* Debug */,
				3D9261362F01F54300F963AD /* Release */,
			);
			defaultConfigurationIsVisible = 0;
			defaultConfigurationName = Release;
		};
		3D9261372F01F54300F963AD /* Build configuration list for PBXNativeTarget "Scanner" */ = {
			isa = XCConfigurationList;
			buildConfigurations = (
				3D9261382F01F54300F963AD /* Debug */,
				3D9261392F01F54300F963AD /* Release */,
			);
			defaultConfigurationIsVisible = 0;
			defaultConfigurationName = Release;
		};
/* End XCConfigurationList section */

/* Begin XCRemoteSwiftPackageReference section */
		3D9261D62F07278D00F963AD /* XCRemoteSwiftPackageReference "supabase-swift" */ = {
			isa = XCRemoteSwiftPackageReference;
			repositoryURL = "https://github.com/supabase/supabase-swift.git";
			requirement = {
				kind = upToNextMajorVersion;
				minimumVersion = 2.5.1;
			};
		};
		3D9D0C5C2F36783500AAFD25 /* XCRemoteSwiftPackageReference "purchases-ios-spm" */ = {
			isa = XCRemoteSwiftPackageReference;
			repositoryURL = "https://github.com/RevenueCat/purchases-ios-spm.git";
			requirement = {
				kind = upToNextMajorVersion;
				minimumVersion = 5.57.2;
			};
		};
		3D9D0C732F37A3CB00AAFD25 /* XCRemoteSwiftPackageReference "firebase-ios-sdk" */ = {
			isa = XCRemoteSwiftPackageReference;
			repositoryURL = "https://github.com/firebase/firebase-ios-sdk";
			requirement = {
				kind = upToNextMajorVersion;
				minimumVersion = 12.9.0;
			};
		};
		3DA38FE62F1564340063D6CC /* XCRemoteSwiftPackageReference "Mantis" */ = {
			isa = XCRemoteSwiftPackageReference;
			repositoryURL = "https://github.com/guoyingtao/Mantis";
			requirement = {
				kind = upToNextMajorVersion;
				minimumVersion = 1.7.5;
			};
		};
/* End XCRemoteSwiftPackageReference section */

/* Begin XCSwiftPackageProductDependency section */
		3D9261D72F07278D00F963AD /* Auth */ = {
			isa = XCSwiftPackageProductDependency;
			package = 3D9261D62F07278D00F963AD /* XCRemoteSwiftPackageReference "supabase-swift" */;
			productName = Auth;
		};
		3D9261D92F07278D00F963AD /* PostgREST */ = {
			isa = XCSwiftPackageProductDependency;
			package = 3D9261D62F07278D00F963AD /* XCRemoteSwiftPackageReference "supabase-swift" */;
			productName = PostgREST;
		};
		3D9261DB2F07278D00F963AD /* Storage */ = {
			isa = XCSwiftPackageProductDependency;
			package = 3D9261D62F07278D00F963AD /* XCRemoteSwiftPackageReference "supabase-swift" */;
			productName = Storage;
		};
		3D9261DD2F07278D00F963AD /* Supabase */ = {
			isa = XCSwiftPackageProductDependency;
			package = 3D9261D62F07278D00F963AD /* XCRemoteSwiftPackageReference "supabase-swift" */;
			productName = Supabase;
		};
		3D9D0C5D2F36783500AAFD25 /* RevenueCat */ = {
			isa = XCSwiftPackageProductDependency;
			package = 3D9D0C5C2F36783500AAFD25 /* XCRemoteSwiftPackageReference "purchases-ios-spm" */;
			productName = RevenueCat;
		};
		3D9D0C5F2F36783500AAFD25 /* RevenueCatUI */ = {
			isa = XCSwiftPackageProductDependency;
			package = 3D9D0C5C2F36783500AAFD25 /* XCRemoteSwiftPackageReference "purchases-ios-spm" */;
			productName = RevenueCatUI;
		};
		3D9D0C742F37A3CB00AAFD25 /* FirebaseMessaging */ = {
			isa = XCSwiftPackageProductDependency;
			package = 3D9D0C732F37A3CB00AAFD25 /* XCRemoteSwiftPackageReference "firebase-ios-sdk" */;
			productName = FirebaseMessaging;
		};
		3DA38FE72F1564340063D6CC /* Mantis */ = {
			isa = XCSwiftPackageProductDependency;
			package = 3DA38FE62F1564340063D6CC /* XCRemoteSwiftPackageReference "Mantis" */;
			productName = Mantis;
		};
/* End XCSwiftPackageProductDependency section */
	};
	rootObject = 3D9261242F01F54200F963AD /* Project object */;
}
